
Microsoft Visual Studio Solution File, Format Version 12.00
# Visual Studio Version 16
VisualStudioVersion = 16.0.31624.102
MinimumVisualStudioVersion = 10.0.40219.1
Project("{FAE04EC0-301F-11D3-BF4B-00C04F79EFBC}") = "ReadTxtFile", "ReadTxtFile\ReadTxtFile.csproj", "{96CF175E-1307-43A9-A2DA-50134064EDDC}"
EndProject
Global
	GlobalSection(SolutionConfigurationPlatforms) = preSolution
		Debug|Any CPU = Debug|Any CPU
		Release|Any CPU = Release|Any CPU
	EndGlobalSection
	GlobalSection(ProjectConfigurationPlatforms) = postSolution
		{96CF175E-1307-43A9-A2DA-50134064EDDC}.Debug|Any CPU.ActiveCfg = Debug|Any CPU
		{96CF175E-1307-43A9-A2DA-50134064EDDC}.Debug|Any CPU.Build.0 = Debug|Any CPU
		{96CF175E-1307-43A9-A2DA-50134064EDDC}.Release|Any CPU.ActiveCfg = Release|Any CPU
		{96CF175E-1307-43A9-A2DA-50134064EDDC}.Release|Any CPU.Build.0 = Release|Any CPU
	EndGlobalSection
	GlobalSection(SolutionProperties) = preSolution
		HideSolutionNode = FALSE
	EndGlobalSection
	GlobalSection(ExtensibilityGlobals) = postSolution
		SolutionGuid = {A21BDD17-14AD-4F85-87C2-D849B4B8A810}
	EndGlobalSection
EndGlobal
